
Microsoft Visual Studio Solution File, Format Version 12.00
# Visual Studio Version 16
VisualStudioVersion = 16.0.29609.76
MinimumVisualStudioVersion = 10.0.40219.1
Project("{2150E333-8FDC-42A3-9474-1A3956D46DE8}") = "ManagementServer", "ManagementServer", "{A79F9C51-29B8-4921-B4C1-50983796ECED}"
EndProject
Project("{2150E333-8FDC-42A3-9474-1A3956D46DE8}") = "ApplicationServer", "ApplicationServer", "{929BBF40-299F-4E9E-8084-4E5ECC2A00AB}"
EndProject
Project("{2150E333-8FDC-42A3-9474-1A3956D46DE8}") = "LogManagement", "LogManagement", "{A5CE56E4-349D-461C-BC72-0DE9CD6DB28E}"
EndProject
Project("{2150E333-8FDC-42A3-9474-1A3956D46DE8}") = "InputDataReading", "InputDataReading", "{D1C75391-83D1-41E5-96DC-7F3F17507628}"
EndProject
Project("{2150E333-8FDC-42A3-9474-1A3956D46DE8}") = "Billing", "Billing", "{D4092A5C-7CD8-4347-BB9F-C4A229D5717E}"
EndProject
Project("{2150E333-8FDC-42A3-9474-1A3956D46DE8}") = "BillingConfiguration", "BillingConfiguration", "{78E940C5-5FC0-4B33-8111-14AB3A72FB59}"
EndProject
Project("{2150E333-8FDC-42A3-9474-1A3956D46DE8}") = "BillingImplementation", "BillingImplementation", "{BBEDE238-B224-4570-8BD1-822FCAE7AD75}"
EndProject
Project("{2150E333-8FDC-42A3-9474-1A3956D46DE8}") = "BillingCalculation", "BillingCalculation", "{DFED96C5-FCED-40D3-81AA-607F47A8EF9F}"
EndProject
Project("{2150E333-8FDC-42A3-9474-1A3956D46DE8}") = "OutputDataWriting", "OutputDataWriting", "{216AE0FC-69AA-42C1-9E7B-4C879CD83917}"
EndProject
Project("{2150E333-8FDC-42A3-9474-1A3956D46DE8}") = "WebService", "WebService", "{BD603C6F-6E4C-4CA7-8B6A-24BB7D6852C0}"
EndProject
Project("{2150E333-8FDC-42A3-9474-1A3956D46DE8}") = "Workflow", "Workflow", "{C6C72663-A02C-4DB6-9E10-902BA94BF2C4}"
EndProject
Project("{FAE04EC0-301F-11D3-BF4B-00C04F79EFBC}") = "CMIS_Proxy", "CMIS_Proxy\CMIS_Proxy.csproj", "{EA591689-1767-4AEF-AF94-FD7F22CE85B7}"
EndProject
Project("{FAE04EC0-301F-11D3-BF4B-00C04F79EFBC}") = "HDONLibrary", "HDONLibrary\HDONLibrary.csproj", "{7F12D227-52A1-4FE4-8E49-966FBA261EA2}"
EndProject
Project("{FAE04EC0-301F-11D3-BF4B-00C04F79EFBC}") = "Implementation", "Implementation\Implementation.csproj", "{BD4C16A4-0A3C-4703-A0A3-40E2DDA6F295}"
EndProject
Project("{FAE04EC0-301F-11D3-BF4B-00C04F79EFBC}") = "WCFApplicationServer", "WCFApplicationServer\WCFApplicationServer.csproj", "{E3E3790E-56D1-4A34-874E-416BEFCDA64D}"
EndProject
Project("{FAE04EC0-301F-11D3-BF4B-00C04F79EFBC}") = "WCFWinService", "WCFWinService\WCFWinService.csproj", "{9B969906-625B-4025-95A1-EC717ADADDDD}"
EndProject
Project("{FAE04EC0-301F-11D3-BF4B-00C04F79EFBC}") = "WCFManagementServer", "WCFManagementServer\WCFManagementServer.csproj", "{F8D8EE94-D2CF-4398-9E2F-F6A188FF0255}"
EndProject
Project("{FAE04EC0-301F-11D3-BF4B-00C04F79EFBC}") = "busManagementServer", "busManagementServer\busManagementServer.csproj", "{22238BCB-C58F-4428-9089-9E19BBA1E8FA}"
EndProject
Project("{FAE04EC0-301F-11D3-BF4B-00C04F79EFBC}") = "WCFManagementService", "WCFManagementService\WCFManagementService.csproj", "{7F965E6B-06ED-4952-A782-4D146A85687F}"
EndProject
Project("{FAE04EC0-301F-11D3-BF4B-00C04F79EFBC}") = "busLogManagement", "busLogManagement\busLogManagement.csproj", "{1284B81F-FB56-4719-9A01-3633DC24DA58}"
EndProject
Project("{FAE04EC0-301F-11D3-BF4B-00C04F79EFBC}") = "LogManagementObject", "LogManagementObject\LogManagementObject.csproj", "{871B71BF-0541-4FF4-96C9-5586DBD1FB48}"
EndProject
Project("{FAE04EC0-301F-11D3-BF4B-00C04F79EFBC}") = "ManagementServer_Proxy", "ManagementServer_Proxy\ManagementServer_Proxy.csproj", "{D1CB2196-D8FE-451F-B700-151B425A411F}"
EndProject
Project("{FAE04EC0-301F-11D3-BF4B-00C04F79EFBC}") = "busInputDataReading", "busInputDataReading\busInputDataReading.csproj", "{C1570DFA-F455-4500-AA91-CF2485FF6A61}"
EndProject
Project("{FAE04EC0-301F-11D3-BF4B-00C04F79EFBC}") = "InputDataObject", "InputDataObject\InputDataObject.csproj", "{9568EB19-CA51-46F0-A491-B4E17B38A151}"
EndProject
Project("{FAE04EC0-301F-11D3-BF4B-00C04F79EFBC}") = "busBillingConfiguration", "busBillingConfiguration\busBillingConfiguration.csproj", "{8B397DD3-AE32-4F11-B462-5CBDF58398AD}"
EndProject
Project("{FAE04EC0-301F-11D3-BF4B-00C04F79EFBC}") = "BillingConfigurationObject", "BillingConfigurationObject\BillingConfigurationObject.csproj", "{49B28F06-EF7A-4173-A028-E39100FF2693}"
EndProject
Project("{FAE04EC0-301F-11D3-BF4B-00C04F79EFBC}") = "BillingImplementation", "BillingImplementation\BillingImplementation.csproj", "{DB49EDA7-35D2-486A-95C7-C4A435EFE985}"
EndProject
Project("{FAE04EC0-301F-11D3-BF4B-00C04F79EFBC}") = "busBillingCalculation", "busBillingCalculation\busBillingCalculation.csproj", "{E2B90024-8AB9-4F3D-B7B3-3ED0428214E9}"
EndProject
Project("{FAE04EC0-301F-11D3-BF4B-00C04F79EFBC}") = "busOutputDataWriting", "busOutputDataWriting\busOutputDataWriting.csproj", "{85EFE094-499D-4332-B2EE-4665F5640FA9}"
EndProject
Project("{FAE04EC0-301F-11D3-BF4B-00C04F79EFBC}") = "OutputDataObject", "OutputDataObject\OutputDataObject.csproj", "{5403677A-A557-4C57-8DAE-4A133474323B}"
EndProject
Project("{FAE04EC0-301F-11D3-BF4B-00C04F79EFBC}") = "BillingLibrary", "BillingLibrary\BillingLibrary.csproj", "{3A1D50FD-3930-4B4B-8293-5CC0D5D2BD6B}"
EndProject
Project("{FAE04EC0-301F-11D3-BF4B-00C04F79EFBC}") = "busBillingWF", "busBillingWF\busBillingWF.csproj", "{175D096A-5EC0-43DF-B3E3-4BF1893325CA}"
EndProject
Project("{FAE04EC0-301F-11D3-BF4B-00C04F79EFBC}") = "BillingWFObject", "BillingWFObject\BillingWFObject.csproj", "{015EDCD6-7753-4B01-AB67-489315228224}"
EndProject
Project("{FAE04EC0-301F-11D3-BF4B-00C04F79EFBC}") = "ApplicationServer", "..\CMIS2_AppServer\ApplicationServer\ApplicationServer\ApplicationServer.csproj", "{02261F97-0CFA-49BE-B46D-C2C3DDA1E159}"
EndProject
Project("{FAE04EC0-301F-11D3-BF4B-00C04F79EFBC}") = "ManagementServer", "..\CMIS2_AppServer\ManagementServer\ManagementServer.csproj", "{229C7372-CBEC-4A56-BAEA-6BE3C0DA6F87}"
EndProject
Project("{FAE04EC0-301F-11D3-BF4B-00C04F79EFBC}") = "UnitTestBilling", "UnitTestBilling\UnitTestBilling.csproj", "{FE065789-601A-4BA1-8FB0-6D8157E2D76E}"
EndProject
Project("{FAE04EC0-301F-11D3-BF4B-00C04F79EFBC}") = "ImplementationPlus", "ImplementationPlus\ImplementationPlus.csproj", "{885B347D-26F7-4DFF-9F3E-51B7B188331C}"
EndProject
Project("{FAE04EC0-301F-11D3-BF4B-00C04F79EFBC}") = "UnitTest", "UnitTestBillingPlus\UnitTest.csproj", "{7738F2D2-3195-44EF-A540-6BC4A8D13DB8}"
EndProject
Project("{FAE04EC0-301F-11D3-BF4B-00C04F79EFBC}") = "BillingPerformance", "BillingPerformance\BillingPerformance.csproj", "{59779F09-B5DE-42EF-839C-E00665ED082D}"
EndProject
Global
	GlobalSection(SolutionConfigurationPlatforms) = preSolution
		Debug|Any CPU = Debug|Any CPU
		Release|Any CPU = Release|Any CPU
	EndGlobalSection
	GlobalSection(ProjectConfigurationPlatforms) = postSolution
		{EA591689-1767-4AEF-AF94-FD7F22CE85B7}.Debug|Any CPU.ActiveCfg = Debug|Any CPU
		{EA591689-1767-4AEF-AF94-FD7F22CE85B7}.Debug|Any CPU.Build.0 = Debug|Any CPU
		{EA591689-1767-4AEF-AF94-FD7F22CE85B7}.Release|Any CPU.ActiveCfg = Release|Any CPU
		{EA591689-1767-4AEF-AF94-FD7F22CE85B7}.Release|Any CPU.Build.0 = Release|Any CPU
		{7F12D227-52A1-4FE4-8E49-966FBA261EA2}.Debug|Any CPU.ActiveCfg = Debug|Any CPU
		{7F12D227-52A1-4FE4-8E49-966FBA261EA2}.Debug|Any CPU.Build.0 = Debug|Any CPU
		{7F12D227-52A1-4FE4-8E49-966FBA261EA2}.Release|Any CPU.ActiveCfg = Release|Any CPU
		{7F12D227-52A1-4FE4-8E49-966FBA261EA2}.Release|Any CPU.Build.0 = Release|Any CPU
		{BD4C16A4-0A3C-4703-A0A3-40E2DDA6F295}.Debug|Any CPU.ActiveCfg = Debug|Any CPU
		{BD4C16A4-0A3C-4703-A0A3-40E2DDA6F295}.Debug|Any CPU.Build.0 = Debug|Any CPU
		{BD4C16A4-0A3C-4703-A0A3-40E2DDA6F295}.Release|Any CPU.ActiveCfg = Release|Any CPU
		{BD4C16A4-0A3C-4703-A0A3-40E2DDA6F295}.Release|Any CPU.Build.0 = Release|Any CPU
		{E3E3790E-56D1-4A34-874E-416BEFCDA64D}.Debug|Any CPU.ActiveCfg = Debug|Any CPU
		{E3E3790E-56D1-4A34-874E-416BEFCDA64D}.Debug|Any CPU.Build.0 = Debug|Any CPU
		{E3E3790E-56D1-4A34-874E-416BEFCDA64D}.Release|Any CPU.ActiveCfg = Release|Any CPU
		{E3E3790E-56D1-4A34-874E-416BEFCDA64D}.Release|Any CPU.Build.0 = Release|Any CPU
		{9B969906-625B-4025-95A1-EC717ADADDDD}.Debug|Any CPU.ActiveCfg = Debug|Any CPU
		{9B969906-625B-4025-95A1-EC717ADADDDD}.Debug|Any CPU.Build.0 = Debug|Any CPU
		{9B969906-625B-4025-95A1-EC717ADADDDD}.Release|Any CPU.ActiveCfg = Release|Any CPU
		{9B969906-625B-4025-95A1-EC717ADADDDD}.Release|Any CPU.Build.0 = Release|Any CPU
		{F8D8EE94-D2CF-4398-9E2F-F6A188FF0255}.Debug|Any CPU.ActiveCfg = Debug|Any CPU
		{F8D8EE94-D2CF-4398-9E2F-F6A188FF0255}.Debug|Any CPU.Build.0 = Debug|Any CPU
		{F8D8EE94-D2CF-4398-9E2F-F6A188FF0255}.Release|Any CPU.ActiveCfg = Release|Any CPU
		{F8D8EE94-D2CF-4398-9E2F-F6A188FF0255}.Release|Any CPU.Build.0 = Release|Any CPU
		{22238BCB-C58F-4428-9089-9E19BBA1E8FA}.Debug|Any CPU.ActiveCfg = Debug|Any CPU
		{22238BCB-C58F-4428-9089-9E19BBA1E8FA}.Debug|Any CPU.Build.0 = Debug|Any CPU
		{22238BCB-C58F-4428-9089-9E19BBA1E8FA}.Release|Any CPU.ActiveCfg = Release|Any CPU
		{22238BCB-C58F-4428-9089-9E19BBA1E8FA}.Release|Any CPU.Build.0 = Release|Any CPU
		{7F965E6B-06ED-4952-A782-4D146A85687F}.Debug|Any CPU.ActiveCfg = Debug|Any CPU
		{7F965E6B-06ED-4952-A782-4D146A85687F}.Debug|Any CPU.Build.0 = Debug|Any CPU
		{7F965E6B-06ED-4952-A782-4D146A85687F}.Release|Any CPU.ActiveCfg = Release|Any CPU
		{7F965E6B-06ED-4952-A782-4D146A85687F}.Release|Any CPU.Build.0 = Release|Any CPU
		{1284B81F-FB56-4719-9A01-3633DC24DA58}.Debug|Any CPU.ActiveCfg = Debug|Any CPU
		{1284B81F-FB56-4719-9A01-3633DC24DA58}.Debug|Any CPU.Build.0 = Debug|Any CPU
		{1284B81F-FB56-4719-9A01-3633DC24DA58}.Release|Any CPU.ActiveCfg = Release|Any CPU
		{1284B81F-FB56-4719-9A01-3633DC24DA58}.Release|Any CPU.Build.0 = Release|Any CPU
		{871B71BF-0541-4FF4-96C9-5586DBD1FB48}.Debug|Any CPU.ActiveCfg = Debug|Any CPU
		{871B71BF-0541-4FF4-96C9-5586DBD1FB48}.Debug|Any CPU.Build.0 = Debug|Any CPU
		{871B71BF-0541-4FF4-96C9-5586DBD1FB48}.Release|Any CPU.ActiveCfg = Release|Any CPU
		{871B71BF-0541-4FF4-96C9-5586DBD1FB48}.Release|Any CPU.Build.0 = Release|Any CPU
		{D1CB2196-D8FE-451F-B700-151B425A411F}.Debug|Any CPU.ActiveCfg = Debug|Any CPU
		{D1CB2196-D8FE-451F-B700-151B425A411F}.Debug|Any CPU.Build.0 = Debug|Any CPU
		{D1CB2196-D8FE-451F-B700-151B425A411F}.Release|Any CPU.ActiveCfg = Release|Any CPU
		{D1CB2196-D8FE-451F-B700-151B425A411F}.Release|Any CPU.Build.0 = Release|Any CPU
		{C1570DFA-F455-4500-AA91-CF2485FF6A61}.Debug|Any CPU.ActiveCfg = Debug|Any CPU
		{C1570DFA-F455-4500-AA91-CF2485FF6A61}.Debug|Any CPU.Build.0 = Debug|Any CPU
		{C1570DFA-F455-4500-AA91-CF2485FF6A61}.Release|Any CPU.ActiveCfg = Release|Any CPU
		{C1570DFA-F455-4500-AA91-CF2485FF6A61}.Release|Any CPU.Build.0 = Release|Any CPU
		{9568EB19-CA51-46F0-A491-B4E17B38A151}.Debug|Any CPU.ActiveCfg = Debug|Any CPU
		{9568EB19-CA51-46F0-A491-B4E17B38A151}.Debug|Any CPU.Build.0 = Debug|Any CPU
		{9568EB19-CA51-46F0-A491-B4E17B38A151}.Release|Any CPU.ActiveCfg = Release|Any CPU
		{9568EB19-CA51-46F0-A491-B4E17B38A151}.Release|Any CPU.Build.0 = Release|Any CPU
		{8B397DD3-AE32-4F11-B462-5CBDF58398AD}.Debug|Any CPU.ActiveCfg = Debug|Any CPU
		{8B397DD3-AE32-4F11-B462-5CBDF58398AD}.Debug|Any CPU.Build.0 = Debug|Any CPU
		{8B397DD3-AE32-4F11-B462-5CBDF58398AD}.Release|Any CPU.ActiveCfg = Release|Any CPU
		{8B397DD3-AE32-4F11-B462-5CBDF58398AD}.Release|Any CPU.Build.0 = Release|Any CPU
		{49B28F06-EF7A-4173-A028-E39100FF2693}.Debug|Any CPU.ActiveCfg = Debug|Any CPU
		{49B28F06-EF7A-4173-A028-E39100FF2693}.Debug|Any CPU.Build.0 = Debug|Any CPU
		{49B28F06-EF7A-4173-A028-E39100FF2693}.Release|Any CPU.ActiveCfg = Release|Any CPU
		{49B28F06-EF7A-4173-A028-E39100FF2693}.Release|Any CPU.Build.0 = Release|Any CPU
		{DB49EDA7-35D2-486A-95C7-C4A435EFE985}.Debug|Any CPU.ActiveCfg = Debug|Any CPU
		{DB49EDA7-35D2-486A-95C7-C4A435EFE985}.Debug|Any CPU.Build.0 = Debug|Any CPU
		{DB49EDA7-35D2-486A-95C7-C4A435EFE985}.Release|Any CPU.ActiveCfg = Release|Any CPU
		{DB49EDA7-35D2-486A-95C7-C4A435EFE985}.Release|Any CPU.Build.0 = Release|Any CPU
		{E2B90024-8AB9-4F3D-B7B3-3ED0428214E9}.Debug|Any CPU.ActiveCfg = Debug|Any CPU
		{E2B90024-8AB9-4F3D-B7B3-3ED0428214E9}.Debug|Any CPU.Build.0 = Debug|Any CPU
		{E2B90024-8AB9-4F3D-B7B3-3ED0428214E9}.Release|Any CPU.ActiveCfg = Release|Any CPU
		{E2B90024-8AB9-4F3D-B7B3-3ED0428214E9}.Release|Any CPU.Build.0 = Release|Any CPU
		{85EFE094-499D-4332-B2EE-4665F5640FA9}.Debug|Any CPU.ActiveCfg = Debug|Any CPU
		{85EFE094-499D-4332-B2EE-4665F5640FA9}.Debug|Any CPU.Build.0 = Debug|Any CPU
		{85EFE094-499D-4332-B2EE-4665F5640FA9}.Release|Any CPU.ActiveCfg = Release|Any CPU
		{85EFE094-499D-4332-B2EE-4665F5640FA9}.Release|Any CPU.Build.0 = Release|Any CPU
		{5403677A-A557-4C57-8DAE-4A133474323B}.Debug|Any CPU.ActiveCfg = Debug|Any CPU
		{5403677A-A557-4C57-8DAE-4A133474323B}.Debug|Any CPU.Build.0 = Debug|Any CPU
		{5403677A-A557-4C57-8DAE-4A133474323B}.Release|Any CPU.ActiveCfg = Release|Any CPU
		{5403677A-A557-4C57-8DAE-4A133474323B}.Release|Any CPU.Build.0 = Release|Any CPU
		{3A1D50FD-3930-4B4B-8293-5CC0D5D2BD6B}.Debug|Any CPU.ActiveCfg = Debug|Any CPU
		{3A1D50FD-3930-4B4B-8293-5CC0D5D2BD6B}.Debug|Any CPU.Build.0 = Debug|Any CPU
		{3A1D50FD-3930-4B4B-8293-5CC0D5D2BD6B}.Release|Any CPU.ActiveCfg = Release|Any CPU
		{3A1D50FD-3930-4B4B-8293-5CC0D5D2BD6B}.Release|Any CPU.Build.0 = Release|Any CPU
		{175D096A-5EC0-43DF-B3E3-4BF1893325CA}.Debug|Any CPU.ActiveCfg = Debug|Any CPU
		{175D096A-5EC0-43DF-B3E3-4BF1893325CA}.Debug|Any CPU.Build.0 = Debug|Any CPU
		{175D096A-5EC0-43DF-B3E3-4BF1893325CA}.Release|Any CPU.ActiveCfg = Release|Any CPU
		{175D096A-5EC0-43DF-B3E3-4BF1893325CA}.Release|Any CPU.Build.0 = Release|Any CPU
		{015EDCD6-7753-4B01-AB67-489315228224}.Debug|Any CPU.ActiveCfg = Debug|Any CPU
		{015EDCD6-7753-4B01-AB67-489315228224}.Debug|Any CPU.Build.0 = Debug|Any CPU
		{015EDCD6-7753-4B01-AB67-489315228224}.Release|Any CPU.ActiveCfg = Release|Any CPU
		{015EDCD6-7753-4B01-AB67-489315228224}.Release|Any CPU.Build.0 = Release|Any CPU
		{02261F97-0CFA-49BE-B46D-C2C3DDA1E159}.Debug|Any CPU.ActiveCfg = Debug|Any CPU
		{02261F97-0CFA-49BE-B46D-C2C3DDA1E159}.Debug|Any CPU.Build.0 = Debug|Any CPU
		{02261F97-0CFA-49BE-B46D-C2C3DDA1E159}.Release|Any CPU.ActiveCfg = Release|Any CPU
		{02261F97-0CFA-49BE-B46D-C2C3DDA1E159}.Release|Any CPU.Build.0 = Release|Any CPU
		{229C7372-CBEC-4A56-BAEA-6BE3C0DA6F87}.Debug|Any CPU.ActiveCfg = Debug|Any CPU
		{229C7372-CBEC-4A56-BAEA-6BE3C0DA6F87}.Debug|Any CPU.Build.0 = Debug|Any CPU
		{229C7372-CBEC-4A56-BAEA-6BE3C0DA6F87}.Release|Any CPU.ActiveCfg = Release|Any CPU
		{229C7372-CBEC-4A56-BAEA-6BE3C0DA6F87}.Release|Any CPU.Build.0 = Release|Any CPU
		{FE065789-601A-4BA1-8FB0-6D8157E2D76E}.Debug|Any CPU.ActiveCfg = Debug|Any CPU
		{FE065789-601A-4BA1-8FB0-6D8157E2D76E}.Debug|Any CPU.Build.0 = Debug|Any CPU
		{FE065789-601A-4BA1-8FB0-6D8157E2D76E}.Release|Any CPU.ActiveCfg = Release|Any CPU
		{FE065789-601A-4BA1-8FB0-6D8157E2D76E}.Release|Any CPU.Build.0 = Release|Any CPU
		{885B347D-26F7-4DFF-9F3E-51B7B188331C}.Debug|Any CPU.ActiveCfg = Debug|Any CPU
		{885B347D-26F7-4DFF-9F3E-51B7B188331C}.Debug|Any CPU.Build.0 = Debug|Any CPU
		{885B347D-26F7-4DFF-9F3E-51B7B188331C}.Release|Any CPU.ActiveCfg = Release|Any CPU
		{885B347D-26F7-4DFF-9F3E-51B7B188331C}.Release|Any CPU.Build.0 = Release|Any CPU
		{7738F2D2-3195-44EF-A540-6BC4A8D13DB8}.Debug|Any CPU.ActiveCfg = Debug|Any CPU
		{7738F2D2-3195-44EF-A540-6BC4A8D13DB8}.Debug|Any CPU.Build.0 = Debug|Any CPU
		{7738F2D2-3195-44EF-A540-6BC4A8D13DB8}.Release|Any CPU.ActiveCfg = Release|Any CPU
		{7738F2D2-3195-44EF-A540-6BC4A8D13DB8}.Release|Any CPU.Build.0 = Release|Any CPU
		{59779F09-B5DE-42EF-839C-E00665ED082D}.Debug|Any CPU.ActiveCfg = Debug|Any CPU
		{59779F09-B5DE-42EF-839C-E00665ED082D}.Debug|Any CPU.Build.0 = Debug|Any CPU
		{59779F09-B5DE-42EF-839C-E00665ED082D}.Release|Any CPU.ActiveCfg = Release|Any CPU
		{59779F09-B5DE-42EF-839C-E00665ED082D}.Release|Any CPU.Build.0 = Release|Any CPU
	EndGlobalSection
	GlobalSection(SolutionProperties) = preSolution
		HideSolutionNode = FALSE
	EndGlobalSection
	GlobalSection(NestedProjects) = preSolution
		{D1C75391-83D1-41E5-96DC-7F3F17507628} = {D4092A5C-7CD8-4347-BB9F-C4A229D5717E}
		{78E940C5-5FC0-4B33-8111-14AB3A72FB59} = {D4092A5C-7CD8-4347-BB9F-C4A229D5717E}
		{BBEDE238-B224-4570-8BD1-822FCAE7AD75} = {D4092A5C-7CD8-4347-BB9F-C4A229D5717E}
		{DFED96C5-FCED-40D3-81AA-607F47A8EF9F} = {D4092A5C-7CD8-4347-BB9F-C4A229D5717E}
		{216AE0FC-69AA-42C1-9E7B-4C879CD83917} = {D4092A5C-7CD8-4347-BB9F-C4A229D5717E}
		{EA591689-1767-4AEF-AF94-FD7F22CE85B7} = {A79F9C51-29B8-4921-B4C1-50983796ECED}
		{7F12D227-52A1-4FE4-8E49-966FBA261EA2} = {929BBF40-299F-4E9E-8084-4E5ECC2A00AB}
		{BD4C16A4-0A3C-4703-A0A3-40E2DDA6F295} = {929BBF40-299F-4E9E-8084-4E5ECC2A00AB}
		{E3E3790E-56D1-4A34-874E-416BEFCDA64D} = {929BBF40-299F-4E9E-8084-4E5ECC2A00AB}
		{9B969906-625B-4025-95A1-EC717ADADDDD} = {929BBF40-299F-4E9E-8084-4E5ECC2A00AB}
		{F8D8EE94-D2CF-4398-9E2F-F6A188FF0255} = {A79F9C51-29B8-4921-B4C1-50983796ECED}
		{22238BCB-C58F-4428-9089-9E19BBA1E8FA} = {A79F9C51-29B8-4921-B4C1-50983796ECED}
		{7F965E6B-06ED-4952-A782-4D146A85687F} = {A79F9C51-29B8-4921-B4C1-50983796ECED}
		{1284B81F-FB56-4719-9A01-3633DC24DA58} = {A5CE56E4-349D-461C-BC72-0DE9CD6DB28E}
		{871B71BF-0541-4FF4-96C9-5586DBD1FB48} = {A5CE56E4-349D-461C-BC72-0DE9CD6DB28E}
		{D1CB2196-D8FE-451F-B700-151B425A411F} = {A79F9C51-29B8-4921-B4C1-50983796ECED}
		{C1570DFA-F455-4500-AA91-CF2485FF6A61} = {D1C75391-83D1-41E5-96DC-7F3F17507628}
		{9568EB19-CA51-46F0-A491-B4E17B38A151} = {D1C75391-83D1-41E5-96DC-7F3F17507628}
		{8B397DD3-AE32-4F11-B462-5CBDF58398AD} = {78E940C5-5FC0-4B33-8111-14AB3A72FB59}
		{49B28F06-EF7A-4173-A028-E39100FF2693} = {78E940C5-5FC0-4B33-8111-14AB3A72FB59}
		{DB49EDA7-35D2-486A-95C7-C4A435EFE985} = {BBEDE238-B224-4570-8BD1-822FCAE7AD75}
		{E2B90024-8AB9-4F3D-B7B3-3ED0428214E9} = {DFED96C5-FCED-40D3-81AA-607F47A8EF9F}
		{85EFE094-499D-4332-B2EE-4665F5640FA9} = {216AE0FC-69AA-42C1-9E7B-4C879CD83917}
		{5403677A-A557-4C57-8DAE-4A133474323B} = {216AE0FC-69AA-42C1-9E7B-4C879CD83917}
		{3A1D50FD-3930-4B4B-8293-5CC0D5D2BD6B} = {D4092A5C-7CD8-4347-BB9F-C4A229D5717E}
		{175D096A-5EC0-43DF-B3E3-4BF1893325CA} = {C6C72663-A02C-4DB6-9E10-902BA94BF2C4}
		{015EDCD6-7753-4B01-AB67-489315228224} = {C6C72663-A02C-4DB6-9E10-902BA94BF2C4}
		{02261F97-0CFA-49BE-B46D-C2C3DDA1E159} = {BD603C6F-6E4C-4CA7-8B6A-24BB7D6852C0}
		{229C7372-CBEC-4A56-BAEA-6BE3C0DA6F87} = {BD603C6F-6E4C-4CA7-8B6A-24BB7D6852C0}
		{885B347D-26F7-4DFF-9F3E-51B7B188331C} = {929BBF40-299F-4E9E-8084-4E5ECC2A00AB}
		{59779F09-B5DE-42EF-839C-E00665ED082D} = {929BBF40-299F-4E9E-8084-4E5ECC2A00AB}
	EndGlobalSection
	GlobalSection(ExtensibilityGlobals) = postSolution
		SolutionGuid = {3D09174C-33CC-44A5-9CE9-E26708E2631C}
	EndGlobalSection
EndGlobal
